{
    "_meta": {
        "hash": {
            "sha256": "3c1aa98df7877fd32ccbec677f1584f6c83629ef6675a97faba2b9f2089339f1"
        },
        "pipfile-spec": 6,
        "requires": {
            "python_version": "3.7"
        },
        "sources": [
            {
                "name": "pypi",
                "url": "https://pypi.org/simple",
                "verify_ssl": true
            }
        ]
    },
    "default": {
        "boto3": {
            "hashes": [
                "sha256:8352dffe768af9e1471323c8e443cc66a114891572bf832bec3cc2eec47838f6"
            ],
            "version": "==1.17.85"
        },
        "botocore": {
            "hashes": [
                "sha256:7f54fa67b45cf767e1e4045741674cfdc47a3f424fe6f37570ae3ff1ca1e1e2a",
                "sha256:d8992096d9c04e7be331924a59677e591cce6a3c6bd3a4c8fe26b00700d5255a"
            ],
            "version": "==1.20.85"
        },
        "cached-property": {
            "hashes": [
                "sha256:9fa5755838eecbb2d234c3aa390bd80fbd3ac6b6869109bfc1b499f7bd89a130",
                "sha256:df4f613cf7ad9a588cc381aaf4a512d26265ecebd5eb9e1ba12f1319eb85a6a0"
            ],
            "version": "==1.5.2"
        },
        "cchardet": {
            "hashes": [
                "sha256:0b859069bbb9d27c78a2c9eb997e6f4b738db2d7039a03f8792b4058d61d1109",
                "sha256:228d2533987c450f39acf7548f474dd6814c446e9d6bd228e8f1d9a2d210f10b",
                "sha256:2309ff8fc652b0fc3c0cff5dbb172530c7abb92fe9ba2417c9c0bcf688463c1c",
                "sha256:24974b3e40fee9e7557bb352be625c39ec6f50bc2053f44a3d1191db70b51675",
                "sha256:273699c4e5cd75377776501b72a7b291a988c6eec259c29505094553ee505597",
                "sha256:27a9ba87c9f99e0618e1d3081189b1217a7d110e5c5597b0b7b7c3fedd1c340a",
                "sha256:302aa443ae2526755d412c9631136bdcd1374acd08e34f527447f06f3c2ddb98",
                "sha256:45456c59ec349b29628a3c6bfb86d818ec3a6fbb7eb72de4ff3bd4713681c0e3",
                "sha256:48ba829badef61441e08805cfa474ccd2774be2ff44b34898f5854168c596d4d",
                "sha256:50ad671e8d6c886496db62c3bd68b8d55060688c655873aa4ce25ca6105409a1",
                "sha256:54341e7e1ba9dc0add4c9d23b48d3a94e2733065c13920e85895f944596f6150",
                "sha256:54d0b26fd0cd4099f08fb9c167600f3e83619abefeaa68ad823cc8ac1f7bcc0c",
                "sha256:5a25f9577e9bebe1a085eec2d6fdd72b7a9dd680811bba652ea6090fb2ff472f",
                "sha256:6b6397d8a32b976a333bdae060febd39ad5479817fabf489e5596a588ad05133",
                "sha256:70eeae8aaf61192e9b247cf28969faef00578becd2602526ecd8ae7600d25e0e",
                "sha256:80e6faae75ecb9be04a7b258dc4750d459529debb6b8dee024745b7b5a949a34",
                "sha256:90086e5645f8a1801350f4cc6cb5d5bf12d3fa943811bb08667744ec1ecc9ccd",
                "sha256:a39526c1c526843965cec589a6f6b7c2ab07e3e56dc09a7f77a2be6a6afa4636",
                "sha256:b154effa12886e9c18555dfc41a110f601f08d69a71809c8d908be4b1ab7314f",
                "sha256:b59ddc615883835e03c26f81d5fc3671fab2d32035c87f50862de0da7d7db535",
                "sha256:bd7f262f41fd9caf5a5f09207a55861a67af6ad5c66612043ed0f81c58cdf376",
                "sha256:c428b6336545053c2589f6caf24ea32276c6664cb86db817e03a94c60afa0eaf",
                "sha256:c6f70139aaf47ffb94d89db603af849b82efdf756f187cdd3e566e30976c519f",
                "sha256:c96aee9ebd1147400e608a3eff97c44f49811f8904e5a43069d55603ac4d8c97",
                "sha256:ec3eb5a9c475208cf52423524dcaf713c394393e18902e861f983c38eeb77f18",
                "sha256:eee4f5403dc3a37a1ca9ab87db32b48dc7e190ef84601068f45397144427cc5e",
                "sha256:f16517f3697569822c6d09671217fdeab61dfebc7acb5068634d6b0728b86c0b",
                "sha256:f86e0566cb61dc4397297696a4a1b30f6391b50bc52b4f073507a48466b6255a",
                "sha256:fdac1e4366d0579fff056d1280b8dc6348be964fda8ebb627c0269e097ab37fa"
            ],
            "version": "==2.1.7"
        },
        "certifi": {
            "hashes": [
                "sha256:2bbf76fd432960138b3ef6dda3dde0544f27cbf8546c458e60baf371917ba9ee",
                "sha256:50b1e4f8446b06f41be7dd6338db18e0990601dce795c2b1686458aa7e8fa7d8"
            ],
            "version": "==2021.5.30"
        },
        "chardet": {
            "hashes": [
                "sha256:0d6f53a15db4120f2b08c94f11e7d93d2c911ee118b6b30a04ec3ee8310179fa",
                "sha256:f864054d66fd9118f2e67044ac8981a54775ec5b67aed0441892edb553d21da5"
            ],
            "version": "==4.0.0"
        },
        "click": {
            "hashes": [
                "sha256:29f99fc6125fbc931b758dc053b3114e55c77a6e4c6c3a2674a2dc986016381d",
                "sha256:f15516df478d5a56180fbf80e68f206010e6d160fc39fa508b65e035fd75130b"
            ],
            "version": "==6.7"
        },
        "click-default-group": {
            "hashes": [
                "sha256:d9560e8e8dfa44b3562fbc9425042a0fd6d21956fcc2db0077f63f34253ab904"
            ],
            "version": "==1.2.2"
        },
        "datapackage": {
            "hashes": [
                "sha256:72af7738eb614068706a9a32b0814df9c77a99f5508df3bed6331196c05de9e4",
                "sha256:8249d38852c3ae8af99c63a6ab90e7568215a78bee2ef7e9897d16c1945928ea"
            ],
            "index": "pypi",
            "version": "==1.5.1"
        },
        "docutils": {
            "hashes": [
                "sha256:686577d2e4c32380bb50cbb22f575ed742d58168cee37e99117a854bcd88f125",
                "sha256:cf316c8370a737a022b72b56874f6602acf974a37a9fba42ec2876387549fc61"
            ],
            "version": "==0.17.1"
        },
        "et-xmlfile": {
            "hashes": [
                "sha256:8eb9e2bc2f8c97e37a2dc85a09ecdcdec9d8a396530a6d5a33b30b9a92da0c5c",
                "sha256:a2ba85d1d6a74ef63837eed693bcb89c3f752169b0e3e7ae5b16ca5e1b3deada"
            ],
            "version": "==1.1.0"
        },
        "goodtables": {
            "hashes": [
                "sha256:1117d22bca5be75bf6a50b4e897e73a626fb620b6254bc84f22ad6751287cf2d",
                "sha256:76b5e079465ebd629f26b2a4178b92a357afbd1c7ab52199b17f55d4b6ef5242"
            ],
            "index": "pypi",
            "version": "==2.1.1"
        },
        "greenlet": {
            "hashes": [
                "sha256:03f28a5ea20201e70ab70518d151116ce939b412961c33827519ce620957d44c",
                "sha256:06d7ac89e6094a0a8f8dc46aa61898e9e1aec79b0f8b47b2400dd51a44dbc832",
                "sha256:06ecb43b04480e6bafc45cb1b4b67c785e183ce12c079473359e04a709333b08",
                "sha256:096cb0217d1505826ba3d723e8981096f2622cde1eb91af9ed89a17c10aa1f3e",
                "sha256:0c557c809eeee215b87e8a7cbfb2d783fb5598a78342c29ade561440abae7d22",
                "sha256:0de64d419b1cb1bfd4ea544bedea4b535ef3ae1e150b0f2609da14bbf48a4a5f",
                "sha256:14927b15c953f8f2d2a8dffa224aa78d7759ef95284d4c39e1745cf36e8cdd2c",
                "sha256:16183fa53bc1a037c38d75fdc59d6208181fa28024a12a7f64bb0884434c91ea",
                "sha256:206295d270f702bc27dbdbd7651e8ebe42d319139e0d90217b2074309a200da8",
                "sha256:22002259e5b7828b05600a762579fa2f8b33373ad95a0ee57b4d6109d0e589ad",
                "sha256:2325123ff3a8ecc10ca76f062445efef13b6cf5a23389e2df3c02a4a527b89bc",
                "sha256:258f9612aba0d06785143ee1cbf2d7361801c95489c0bd10c69d163ec5254a16",
                "sha256:3096286a6072553b5dbd5efbefc22297e9d06a05ac14ba017233fedaed7584a8",
                "sha256:3d13da093d44dee7535b91049e44dd2b5540c2a0e15df168404d3dd2626e0ec5",
                "sha256:408071b64e52192869129a205e5b463abda36eff0cebb19d6e63369440e4dc99",
                "sha256:598bcfd841e0b1d88e32e6a5ea48348a2c726461b05ff057c1b8692be9443c6e",
                "sha256:5d928e2e3c3906e0a29b43dc26d9b3d6e36921eee276786c4e7ad9ff5665c78a",
                "sha256:5f75e7f237428755d00e7460239a2482fa7e3970db56c8935bd60da3f0733e56",
                "sha256:60848099b76467ef09b62b0f4512e7e6f0a2c977357a036de602b653667f5f4c",
                "sha256:6b1d08f2e7f2048d77343279c4d4faa7aef168b3e36039cba1917fffb781a8ed",
                "sha256:70bd1bb271e9429e2793902dfd194b653221904a07cbf207c3139e2672d17959",
                "sha256:76ed710b4e953fc31c663b079d317c18f40235ba2e3d55f70ff80794f7b57922",
                "sha256:7920e3eccd26b7f4c661b746002f5ec5f0928076bd738d38d894bb359ce51927",
                "sha256:7db68f15486d412b8e2cfcd584bf3b3a000911d25779d081cbbae76d71bd1a7e",
                "sha256:8833e27949ea32d27f7e96930fa29404dd4f2feb13cce483daf52e8842ec246a",
                "sha256:944fbdd540712d5377a8795c840a97ff71e7f3221d3fddc98769a15a87b36131",
                "sha256:9a6b035aa2c5fcf3dbbf0e3a8a5bc75286fc2d4e6f9cfa738788b433ec894919",
                "sha256:9bdcff4b9051fb1aa4bba4fceff6a5f770c6be436408efd99b76fc827f2a9319",
                "sha256:a9017ff5fc2522e45562882ff481128631bf35da444775bc2776ac5c61d8bcae",
                "sha256:aa4230234d02e6f32f189fd40b59d5a968fe77e80f59c9c933384fe8ba535535",
                "sha256:ad80bb338cf9f8129c049837a42a43451fc7c8b57ad56f8e6d32e7697b115505",
                "sha256:adb94a28225005890d4cf73648b5131e885c7b4b17bc762779f061844aabcc11",
                "sha256:b3090631fecdf7e983d183d0fad7ea72cfb12fa9212461a9b708ff7907ffff47",
                "sha256:b33b51ab057f8a20b497ffafdb1e79256db0c03ef4f5e3d52e7497200e11f821",
                "sha256:b97c9a144bbeec7039cca44df117efcbeed7209543f5695201cacf05ba3b5857",
                "sha256:be13a18cec649ebaab835dff269e914679ef329204704869f2f167b2c163a9da",
                "sha256:be9768e56f92d1d7cd94185bab5856f3c5589a50d221c166cc2ad5eb134bd1dc",
                "sha256:c1580087ab493c6b43e66f2bdd165d9e3c1e86ef83f6c2c44a29f2869d2c5bd5",
                "sha256:c35872b2916ab5a240d52a94314c963476c989814ba9b519bc842e5b61b464bb",
                "sha256:c70c7dd733a4c56838d1f1781e769081a25fade879510c5b5f0df76956abfa05",
                "sha256:c767458511a59f6f597bfb0032a1c82a52c29ae228c2c0a6865cfeaeaac4c5f5",
                "sha256:c87df8ae3f01ffb4483c796fe1b15232ce2b219f0b18126948616224d3f658ee",
                "sha256:ca1c4a569232c063615f9e70ff9a1e2fee8c66a6fb5caf0f5e8b21a396deec3e",
                "sha256:cc407b68e0a874e7ece60f6639df46309376882152345508be94da608cc0b831",
                "sha256:da862b8f7de577bc421323714f63276acb2f759ab8c5e33335509f0b89e06b8f",
                "sha256:dfe7eac0d253915116ed0cd160a15a88981a1d194c1ef151e862a5c7d2f853d3",
                "sha256:ed1377feed808c9c1139bdb6a61bcbf030c236dd288d6fca71ac26906ab03ba6",
                "sha256:f42ad188466d946f1b3afc0a9e1a266ac8926461ee0786c06baac6bd71f8a6f3",
                "sha256:f92731609d6625e1cc26ff5757db4d32b6b810d2a3363b0ff94ff573e5901f6f"
            ],
            "markers": "python_version >= '3'",
            "version": "==1.1.0"
        },
        "idna": {
            "hashes": [
                "sha256:b307872f855b18632ce0c21c5e45be78c0ea7ae4c15c828c20788b26921eb3f6",
                "sha256:b97d804b1e9b523befed77c48dacec60e6dcb0b5391d57af6a65a312a90648c0"
            ],
            "version": "==2.10"
        },
        "ijson": {
            "hashes": [
                "sha256:068c692efba9692406b86736dcc6803e4a0b6280d7f0b7534bff3faec677ff38",
                "sha256:09c9d7913c88a6059cd054ff854958f34d757402b639cf212ffbec201a705a0d",
                "sha256:13f80aad0b84d100fb6a88ced24bade21dc6ddeaf2bba3294b58728463194f50",
                "sha256:15507de59d74d21501b2a076d9c49abf927eb58a51a01b8f28a0a0565db0a99f",
                "sha256:15d5356b4d090c699f382c8eb6a2bcd5992a8c8e8b88c88bc6e54f686018328a",
                "sha256:179ed6fd42e121d252b43a18833df2de08378fac7bce380974ef6f5e522afefa",
                "sha256:1d1003ae3c6115ec9b587d29dd136860a81a23c7626b682e2b5b12c9fd30e4ea",
                "sha256:24b58933bf777d03dc1caa3006112ec7f9e6f6db6ffe1f5f5bd233cb1281f719",
                "sha256:252defd1f139b5fb8c764d78d5e3a6df81543d9878c58992a89b261369ea97a7",
                "sha256:26a6a550b270df04e3f442e2bf0870c9362db4912f0e7bdfd300f30ea43115a2",
                "sha256:2844d4a38d27583897ed73f7946e205b16926b4cab2525d1ce17e8b08064c706",
                "sha256:28fc168f5faf5759fdfa2a63f85f1f7a148bbae98f34404a6ba19f3d08e89e87",
                "sha256:297f26f27a04cd0d0a2f865d154090c48ea11b239cabe0a17a6c65f0314bd1ca",
                "sha256:2a64c66a08f56ed45a805691c2fd2e1caef00edd6ccf4c4e5eff02cd94ad8364",
                "sha256:2e6bd6ad95ab40c858592b905e2bbb4fe79bbff415b69a4923dafe841ffadcb4",
                "sha256:339b2b4c7bbd64849dd69ef94ee21e29dcd92c831f47a281fdd48122bb2a715a",
                "sha256:387c2ec434cc1bc7dc9bd33ec0b70d95d443cc1e5934005f26addc2284a437ab",
                "sha256:3997a2fdb28bc04b9ab0555db5f3b33ed28d91e9d42a3bf2c1842d4990beb158",
                "sha256:3b98861a4280cf09d267986cefa46c3bd80af887eae02aba07488d80eb798afa",
                "sha256:3bb461352c0f0f2ec460a4b19400a665b8a5a3a2da663a32093df1699642ee3f",
                "sha256:3d10eee52428f43f7da28763bb79f3d90bbbeea1accb15de01e40a00885b6e89",
                "sha256:41e5886ff6fade26f10b87edad723d2db14dcbb1178717790993fcbbb8ccd333",
                "sha256:446ef8980504da0af8d20d3cb6452c4dc3d8aa5fd788098985e899b913191fe6",
                "sha256:454918f908abbed3c50a0a05c14b20658ab711b155e4f890900e6f60746dd7cc",
                "sha256:475fc25c3d2a86230b85777cae9580398b42eed422506bf0b6aacfa936f7bfcd",
                "sha256:4c53cc72f79a4c32d5fc22efb85aa22f248e8f4f992707a84bdc896cc0b1ecf9",
                "sha256:5a2f40c053c837591636dc1afb79d85e90b9a9d65f3d9963aae31d1eb11bfed2",
                "sha256:5b725f2e984ce70d464b195f206fa44bebbd744da24139b61fec72de77c03a16",
                "sha256:5d7e3fcc3b6de76a9dba1e9fc6ca23dad18f0fa6b4e6499415e16b684b2e9af1",
                "sha256:667841591521158770adc90793c2bdbb47c94fe28888cb802104b8bbd61f3d51",
                "sha256:6774ec0a39647eea70d35fb76accabe3d71002a8701c0545b9120230c182b75b",
                "sha256:68e295bb12610d086990cedc89fb8b59b7c85740d66e9515aed062649605d0bf",
                "sha256:6bf2b64304321705d03fa5e403ec3f36fa5bb27bf661849ad62e0a3a49bc23e3",
                "sha256:6c1a777096be5f75ffebb335c6d2ebc0e489b231496b7f2ca903aa061fe7d381",
                "sha256:702ba9a732116d659a5e950ee176be6a2e075998ef1bcde11cbf79a77ed0f717",
                "sha256:70ee3c8fa0eba18c80c5911639c01a8de4089a4361bad2862a9949e25ec9b1c8",
                "sha256:81cc8cee590c8a70cca3c9aefae06dd7cb8e9f75f3a7dc12b340c2e332d33a2a",
                "sha256:86884ac06ac69cea6d89ab7b84683b3b4159c4013e4a20276d3fc630fe9b7588",
                "sha256:9239973100338a4138d09d7a4602bd289861e553d597cd67390c33bfc452253e",
                "sha256:93455902fdc33ba9485c7fae63ac95d96e0ab8942224a357113174bbeaff92e9",
                "sha256:9348e7d507eb40b52b12eecff3d50934fcc3d2a15a2f54ec1127a36063b9ba8f",
                "sha256:97e4df67235fae40d6195711223520d2c5bf1f7f5087c2963fcde44d72ebf448",
                "sha256:9a5bf5b9d8f2ceaca131ee21fc7875d0f34b95762f4f32e4d65109ca46472147",
                "sha256:a5965c315fbb2dc9769dfdf046eb07daf48ae20b637da95ec8d62b629be09df4",
                "sha256:a72eb0359ebff94754f7a2f00a6efe4c57716f860fc040c606dedcb40f49f233",
                "sha256:ac9098470c1ff6e5c23ec0946818bc102bfeeeea474554c8d081dc934be20988",
                "sha256:b8ee7dbb07cec9ba29d60cfe4954b3cc70adb5f85bba1f72225364b59c1cf82b",
                "sha256:c4c1bf98aaab4c8f60d238edf9bcd07c896cfcc51c2ca84d03da22aad88957c5",
                "sha256:d17fd199f0d0a4ab6e0d541b4eec1b68b5bd5bb5d8104521e22243015b51049b",
                "sha256:d9e01c55d501e9c3d686b6ee3af351c9c0c8c3e45c5576bd5601bee3e1300b09",
                "sha256:dcd6f04df44b1945b859318010234651317db2c4232f75e3933f8bb41c4fa055",
                "sha256:df641dd07b38c63eecd4f454db7b27aa5201193df160f06b48111ba97ab62504",
                "sha256:ee13ceeed9b6cf81b3b8197ef15595fc43fd54276842ed63840ddd49db0603da",
                "sha256:f0f2a87c423e8767368aa055310024fa28727f4454463714fef22230c9717f64",
                "sha256:f11da15ec04cc83ff0f817a65a3392e169be8d111ba81f24d6e09236597bb28c",
                "sha256:f50337e3b8e72ec68441b573c2848f108a8976a57465c859b227ebd2a2342901",
                "sha256:f587699b5a759e30accf733e37950cc06c4118b72e3e146edcea77dded467426",
                "sha256:f91c75edd6cf1a66f02425bafc59a22ec29bc0adcbc06f4bfd694d92f424ceb3",
                "sha256:fa10a1d88473303ec97aae23169d77c5b92657b7fb189f9c584974c00a79f383",
                "sha256:fa9a25d0bd32f9515e18a3611690f1de12cb7d1320bd93e9da835936b41ad3ff",
                "sha256:ff8cf7507d9d8939264068c2cff0a23f99703fa2f31eb3cb45a9a52798843586"
            ],
            "version": "==3.1.4"
        },
        "importlib-metadata": {
            "hashes": [
                "sha256:960d52ba7c21377c990412aca380bf3642d734c2eaab78a2c39319f67c6a5786",
                "sha256:e592faad8de1bda9fe920cf41e15261e7131bcf266c30306eec00e8e225c1dd5"
            ],
            "markers": "python_version < '3.8'",
            "version": "==4.4.0"
        },
        "isodate": {
            "hashes": [
                "sha256:2e364a3d5759479cdb2d37cce6b9376ea504db2ff90252a2e5b7cc89cc9ff2d8",
                "sha256:aa4d33c06640f5352aca96e4b81afd8ab3b47337cc12089822d6f322ac772c81"
            ],
            "version": "==0.6.0"
        },
        "jmespath": {
            "hashes": [
                "sha256:b85d0567b8666149a93172712e68920734333c0ce7e89b78b3e987f71e5ed4f9",
                "sha256:cdf6525904cc597730141d61b36f2e4b8ecc257c420fa2f4549bac2c2d0cb72f"
            ],
            "version": "==0.10.0"
        },
        "jsonlines": {
            "hashes": [
                "sha256:6fdd03104c9a421a1ba587a121aaac743bf02d8f87fa9cdaa3b852249a241fe8",
                "sha256:bfb043d4e25fd894dca67b1f2adf014e493cb65d0f18b3a74a98bfcd97c3d983"
            ],
            "version": "==2.0.0"
        },
        "jsonpointer": {
            "hashes": [
                "sha256:381b613fd1afd65376fb28948c4744f035e47ab049a9fdde0c48cc1c30b68559",
                "sha256:c681af823545c731b7b38aedd5d4eee4c5eff87bc0f25e0ff25444a4189eac4d"
            ],
            "version": "==1.14"
        },
        "jsonschema": {
            "hashes": [
                "sha256:000e68abd33c972a5248544925a0cae7d1125f9bf6c58280d37546b946769a08",
                "sha256:6ff5f3180870836cae40f06fa10419f557208175f13ad7bc26caa77beb1f6e02"
            ],
            "version": "==2.6.0"
        },
        "linear-tsv": {
            "hashes": [
                "sha256:b504d78f4075615ae75de86a16e5680701a441fc84da2a2cf9f94351ab1ccbf5"
            ],
            "version": "==1.1.0"
        },
        "openpyxl": {
            "hashes": [
                "sha256:46af4eaf201a89b610fcca177eed957635f88770a5462fb6aae4a2a52b0ff516",
                "sha256:6456a3b472e1ef0facb1129f3c6ef00713cebf62e736cd7a75bcc3247432f251"
            ],
            "version": "==3.0.7"
        },
        "python-dateutil": {
            "hashes": [
                "sha256:73ebfe9dbf22e832286dafa60473e4cd239f8592f699aa5adaf10050e6e1823c",
                "sha256:75bb3f31ea686f1197762692a9ee6a7550b59fc6ca3a1f4b5d7e32fb98e2da2a"
            ],
            "version": "==2.8.1"
        },
        "requests": {
            "hashes": [
                "sha256:27973dd4a904a4f13b263a19c866c13b92a39ed1c964655f025f3f8d3d75b804",
                "sha256:c210084e36a42ae6b9219e00e48287def368a26d03a048ddad7bfee44f75871e"
            ],
            "version": "==2.25.1"
        },
        "rfc3986": {
            "hashes": [
                "sha256:270aaf10d87d0d4e095063c65bf3ddbc6ee3d0b226328ce21e036f946e421835",
                "sha256:a86d6e1f5b1dc238b218b012df0aa79409667bb209e58da56d0b94704e712a97"
            ],
            "version": "==1.5.0"
        },
        "s3transfer": {
            "hashes": [
                "sha256:9b3752887a2880690ce628bc263d6d13a3864083aeacff4890c1c9839a5eb0bc",
                "sha256:cb022f4b16551edebbb31a377d3f09600dbada7363d8c5db7976e7f47732e1b2"
            ],
            "version": "==0.4.2"
        },
        "simpleeval": {
            "hashes": [
                "sha256:692055488c2864637f6c2edb5fa48175978a2a07318009e7cf03c9790ca17bea"
            ],
            "version": "==0.9.10"
        },
        "six": {
            "hashes": [
                "sha256:1e61c37477a1626458e36f7b1d82aa5c9b094fa4802892072e49de9c60c4c926",
                "sha256:8abb2f1d86890a2dfb989f9a77cfcfd3e47c2a354b01111771326f8aa26e0254"
            ],
            "version": "==1.16.0"
        },
        "sqlalchemy": {
            "hashes": [
                "sha256:196fb6bb2733834e506c925d7532f8eabad9d2304deef738a40846e54c31e236",
                "sha256:1dd77acbc19bee9c0ba858ff5e4e5d5c60895495c83b4df9bcdf4ad5e9b74f21",
                "sha256:216ff28fe803885ceb5b131dcee6507d28d255808dd5bcffcb3b5fa75be2e102",
                "sha256:461a4ea803ce0834822f372617a68ac97f9fa1281f2a984624554c651d7c3ae1",
                "sha256:4b09191ed22af149c07a880f309b7740f3f782ff13325bae5c6168a6aa57e715",
                "sha256:4c5e20666b33b03bf7f14953f0deb93007bf8c1342e985bd7c7cf25f46fac579",
                "sha256:4d93b62e98248e3e1ac1e91c2e6ee1e7316f704be1f734338b350b6951e6c175",
                "sha256:5732858e56d32fa7e02468f4fd2d8f01ddf709e5b93d035c637762890f8ed8b6",
                "sha256:58c02d1771bb0e61bc9ced8f3b36b5714d9ece8fd4bdbe2a44a892574c3bbc3c",
                "sha256:651cdb3adcee13624ba22d5ff3e96f91e16a115d2ca489ddc16a8e4c217e8509",
                "sha256:6fe1c8dc26bc0005439cb78ebc78772a22cccc773f5a0e67cb3002d791f53f0f",
                "sha256:7222f3236c280fab3a2d76f903b493171f0ffc29667538cc388a5d5dd0216a88",
                "sha256:7dc3d3285fb682316d580d84e6e0840fdd8ffdc05cb696db74b9dd746c729908",
                "sha256:7e45043fe11d503e1c3f9dcf5b42f92d122a814237cd9af68a11dae46ecfcae1",
                "sha256:7eb55d5583076c03aaf1510473fad2a61288490809049cb31028af56af7068ee",
                "sha256:82922a320d38d7d6aa3a8130523ec7e8c70fa95f7ca7d0fd6ec114b626e4b10b",
                "sha256:8e133e2551fa99c75849848a4ac08efb79930561eb629dd7d2dc9b7ee05256e6",
                "sha256:949ac299903d2ed8419086f81847381184e2264f3431a33af4679546dcc87f01",
                "sha256:a2d225c8863a76d15468896dc5af36f1e196b403eb9c7e0151e77ffab9e7df57",
                "sha256:a5f00a2be7d777119e15ccfb5ba0b2a92e8a193959281089d79821a001095f80",
                "sha256:b0ad951a6e590bbcfbfeadc5748ef5ec8ede505a8119a71b235f7481cc08371c",
                "sha256:b59b2c0a3b1d93027f6b6b8379a50c354483fe1ebe796c6740e157bb2e06d39a",
                "sha256:bc89e37c359dcd4d75b744e5e81af128ba678aa2ecea4be957e80e6e958a1612",
                "sha256:bde055c019e6e449ebc4ec61abd3e08690abeb028c7ada2a3b95d8e352b7b514",
                "sha256:c367ed95d41df584f412a9419b5ece85b0d6c2a08a51ae13ae47ef74ff9a9349",
                "sha256:dde05ae0987e43ec84e64d6722ce66305eda2a5e2b7d6fda004b37aabdfbb909",
                "sha256:ee6e7ca09ff274c55d19a1e15ee6f884fa0230c0d9b8d22a456e249d08dee5bf",
                "sha256:f1c68f7bd4a57ffdb85eab489362828dddf6cd565a4c18eda4c446c1d5d3059d",
                "sha256:f63e1f531a8bf52184e2afb53648511f3f8534decb7575b483a583d3cd8d13ed",
                "sha256:fdad4a33140b77df61d456922b7974c1f1bb2c35238f6809f078003a620c4734"
            ],
            "version": "==1.4.17"
        },
        "statistics": {
            "hashes": [
                "sha256:2dc379b80b07bf2ddd5488cad06b2b9531da4dd31edb04dc9ec0dc226486c138"
            ],
            "version": "==1.0.3.5"
        },
        "tableschema": {
            "hashes": [
                "sha256:676948747ec8964c6e27e12ce45e203201191bb7e81a26f2eb09a1fdbe130d5c",
                "sha256:cfa3b0aa1c0941002384c6288794f9488cb5ea9188cf84ac700d17758cb036e7"
            ],
            "version": "==1.20.2"
        },
        "tabulator": {
            "hashes": [
                "sha256:0e2887d0b36483a292e75b118d7f03e710c1337435553b5f62d2a7a891b7fe55",
                "sha256:6de83026f9dc8ac34dbc9e60cced1785ed2f4022ae0250eeaa59e92b5090f477"
            ],
            "version": "==1.53.5"
        },
        "typing-extensions": {
            "hashes": [
                "sha256:0ac0f89795dd19de6b97debb0c6af1c70987fd80a2d62d1958f7e56fcc31b497",
                "sha256:50b6f157849174217d0656f99dc82fe932884fb250826c18350e159ec6cdf342",
                "sha256:779383f6086d90c99ae41cf0ff39aac8a7937a9283ce0a414e5dd782f4c94a84"
            ],
            "markers": "python_version < '3.8'",
            "version": "==3.10.0.0"
        },
        "unicodecsv": {
            "hashes": [
                "sha256:018c08037d48649a0412063ff4eda26eaa81eff1546dbffa51fa5293276ff7fc"
            ],
            "version": "==0.14.1"
        },
        "urllib3": {
            "hashes": [
                "sha256:753a0374df26658f99d826cfe40394a686d05985786d946fbe4165b5148f5a7c",
                "sha256:a7acd0977125325f516bda9735fa7142b909a8d01e8b2e4c8108d0984e6e0098"
            ],
            "index": "pypi",
            "version": "==1.26.5"
        },
        "xlrd": {
            "hashes": [
                "sha256:6a33ee89877bd9abc1158129f6e94be74e2679636b8a205b43b85206c3f0bbdd",
                "sha256:f72f148f54442c6b056bf931dbc34f986fd0c3b0b6b5a58d013c9aef274d0c88"
            ],
            "version": "==2.0.1"
        },
        "zipp": {
            "hashes": [
                "sha256:3607921face881ba3e026887d8150cca609d517579abe052ac81fc5aeffdbd76",
                "sha256:51cb66cc54621609dd593d1787f286ee42a5c0adbb4b29abea5a63edc3e03098"
            ],
            "version": "==3.4.1"
        }
    },
    "develop": {
        "backcall": {
            "hashes": [
                "sha256:5cbdbf27be5e7cfadb448baf0aa95508f91f2bbc6c6437cd9cd06e2a4c215e1e",
                "sha256:fbbce6a29f263178a1f7915c1940bde0ec2b2a967566fe1c65c1dfb7422bd255"
            ],
            "version": "==0.2.0"
        },
        "decorator": {
            "hashes": [
                "sha256:6e5c199c16f7a9f0e3a61a4a54b3d27e7dad0dbdde92b944426cb20914376323",
                "sha256:72ecfba4320a893c53f9706bebb2d55c270c1e51a28789361aa93e4a21319ed5"
            ],
            "version": "==5.0.9"
        },
        "ipython": {
            "hashes": [
                "sha256:a5781d6934a3341a1f9acb4ea5acdc7ea0a0855e689dbe755d070ca51e995435",
                "sha256:b10a7ddd03657c761fc503495bc36471c8158e3fc948573fb9fe82a7029d8efd"
            ],
            "index": "pypi",
            "version": "==7.1.1"
        },
        "ipython-genutils": {
            "hashes": [
                "sha256:72dd37233799e619666c9f639a9da83c34013a73e8bbc79a7a6348d93c61fab8",
                "sha256:eb2e116e75ecef9d4d228fdc66af54269afa26ab4463042e33785b887c628ba8"
            ],
            "version": "==0.2.0"
        },
        "jedi": {
            "hashes": [
                "sha256:18456d83f65f400ab0c2d3319e48520420ef43b23a086fdc05dff34132f0fb93",
                "sha256:92550a404bad8afed881a137ec9a461fed49eca661414be45059329614ed0707"
            ],
            "version": "==0.18.0"
        },
        "parso": {
            "hashes": [
                "sha256:12b83492c6239ce32ff5eed6d3639d6a536170723c6f3f1506869f1ace413398",
                "sha256:a8c4922db71e4fdb90e0d0bc6e50f9b273d3397925e5e60a717e719201778d22"
            ],
            "version": "==0.8.2"
        },
        "pexpect": {
            "hashes": [
                "sha256:0b48a55dcb3c05f3329815901ea4fc1537514d6ba867a152b581d69ae3710937",
                "sha256:fc65a43959d153d0114afe13997d439c22823a27cefceb5ff35c2178c6784c0c"
            ],
            "markers": "sys_platform != 'win32'",
            "version": "==4.8.0"
        },
        "pickleshare": {
            "hashes": [
                "sha256:87683d47965c1da65cdacaf31c8441d12b8044cdec9aca500cd78fc2c683afca",
                "sha256:9649af414d74d4df115d5d718f82acb59c9d418196b7b4290ed47a12ce62df56"
            ],
            "version": "==0.7.5"
        },
        "prompt-toolkit": {
            "hashes": [
                "sha256:46642344ce457641f28fc9d1c9ca939b63dadf8df128b86f1b9860e59c73a5e4",
                "sha256:e7f8af9e3d70f514373bf41aa51bc33af12a6db3f71461ea47fea985defb2c31",
                "sha256:f15af68f66e664eaa559d4ac8a928111eebd5feda0c11738b5998045224829db"
            ],
            "version": "==2.0.10"
        },
        "ptyprocess": {
            "hashes": [
                "sha256:4b41f3967fce3af57cc7e94b888626c18bf37a083e3651ca8feeb66d492fef35",
                "sha256:5c5d0a3b48ceee0b48485e0c26037c0acd7d29765ca3fbb5cb3831d347423220"
            ],
            "version": "==0.7.0"
        },
        "pygments": {
            "hashes": [
                "sha256:a18f47b506a429f6f4b9df81bb02beab9ca21d0a5fee38ed15aef65f0545519f",
                "sha256:d66e804411278594d764fc69ec36ec13d9ae9147193a1740cd34d272ca383b8e"
            ],
            "version": "==2.9.0"
        },
        "six": {
            "hashes": [
                "sha256:1e61c37477a1626458e36f7b1d82aa5c9b094fa4802892072e49de9c60c4c926",
                "sha256:8abb2f1d86890a2dfb989f9a77cfcfd3e47c2a354b01111771326f8aa26e0254"
            ],
            "version": "==1.16.0"
        },
        "traitlets": {
            "hashes": [
                "sha256:178f4ce988f69189f7e523337a3e11d91c786ded9360174a3d9ca83e79bc5396",
                "sha256:69ff3f9d5351f31a7ad80443c2674b7099df13cc41fc5fa6e2f6d3b0330b0426"
            ],
            "version": "==5.0.5"
        },
        "wcwidth": {
            "hashes": [
                "sha256:beb4802a9cebb9144e99086eff703a642a13d6a0052920003a230f3294bbe784",
                "sha256:c4d647b99872929fdb7bdcaa4fbe7f01413ed3d98077df798530e5b04f116c83"
            ],
            "version": "==0.2.5"
        }
    }
}
